
Microsoft Visual Studio Solution File, Format Version 12.00
# Visual Studio 15
VisualStudioVersion = 15.0.27004.2010
MinimumVisualStudioVersion = 10.0.40219.1
Project("{9A19103F-16F7-4668-BE54-9A1E7A4F7556}") = "DurableWebSample", "DurableWebSample\DurableWebSample.csproj", "{A16340F8-388E-4007-A07E-8A4C8FEE56E2}"
EndProject
Global
	GlobalSection(SolutionConfigurationPlatforms) = preSolution
		Debug|Any CPU = Debug|Any CPU
		Release|Any CPU = Release|Any CPU
	EndGlobalSection
	GlobalSection(ProjectConfigurationPlatforms) = postSolution
		{A16340F8-388E-4007-A07E-8A4C8FEE56E2}.Debug|Any CPU.ActiveCfg = Debug|Any CPU
		{A16340F8-388E-4007-A07E-8A4C8FEE56E2}.Debug|Any CPU.Build.0 = Debug|Any CPU
		{A16340F8-388E-4007-A07E-8A4C8FEE56E2}.Release|Any CPU.ActiveCfg = Release|Any CPU
		{A16340F8-388E-4007-A07E-8A4C8FEE56E2}.Release|Any CPU.Build.0 = Release|Any CPU
	EndGlobalSection
	GlobalSection(SolutionProperties) = preSolution
		HideSolutionNode = FALSE
	EndGlobalSection
	GlobalSection(ExtensibilityGlobals) = postSolution
		SolutionGuid = {9FC842B1-14FA-4DD1-AFBA-4785D33ACCE8}
	EndGlobalSection
EndGlobal
